
Microsoft Visual Studio Solution File, Format Version 12.00
# Visual Studio Version 17
VisualStudioVersion = 17.1.32328.378
MinimumVisualStudioVersion = 10.0.40219.1
Project("{FAE04EC0-301F-11D3-BF4B-00C04F79EFBC}") = "AccessModifiers_CS", "AccessModifiers_CS.csproj", "{676F2D50-661A-4493-A5C1-DF22B2FF6107}"
EndProject
Project("{FAE04EC0-301F-11D3-BF4B-00C04F79EFBC}") = "DemoLibrary", "..\DemoLibrary\DemoLibrary.csproj", "{992BD284-3EC2-4F6E-918D-D2F53279F7F2}"
EndProject
Global
	GlobalSection(SolutionConfigurationPlatforms) = preSolution
		Debug|Any CPU = Debug|Any CPU
		Release|Any CPU = Release|Any CPU
	EndGlobalSection
	GlobalSection(ProjectConfigurationPlatforms) = postSolution
		{676F2D50-661A-4493-A5C1-DF22B2FF6107}.Debug|Any CPU.ActiveCfg = Debug|Any CPU
		{676F2D50-661A-4493-A5C1-DF22B2FF6107}.Debug|Any CPU.Build.0 = Debug|Any CPU
		{676F2D50-661A-4493-A5C1-DF22B2FF6107}.Release|Any CPU.ActiveCfg = Release|Any CPU
		{676F2D50-661A-4493-A5C1-DF22B2FF6107}.Release|Any CPU.Build.0 = Release|Any CPU
		{992BD284-3EC2-4F6E-918D-D2F53279F7F2}.Debug|Any CPU.ActiveCfg = Debug|Any CPU
		{992BD284-3EC2-4F6E-918D-D2F53279F7F2}.Debug|Any CPU.Build.0 = Debug|Any CPU
		{992BD284-3EC2-4F6E-918D-D2F53279F7F2}.Release|Any CPU.ActiveCfg = Release|Any CPU
		{992BD284-3EC2-4F6E-918D-D2F53279F7F2}.Release|Any CPU.Build.0 = Release|Any CPU
	EndGlobalSection
	GlobalSection(SolutionProperties) = preSolution
		HideSolutionNode = FALSE
	EndGlobalSection
	GlobalSection(ExtensibilityGlobals) = postSolution
		SolutionGuid = {7F8913E6-CD6C-48B4-AC73-B627885865B9}
	EndGlobalSection
EndGlobal
